
Microsoft Visual Studio Solution File, Format Version 12.00
# Visual Studio Version 17
VisualStudioVersion = 17.5.33424.131
MinimumVisualStudioVersion = 10.0.40219.1
Project("{FAE04EC0-301F-11D3-BF4B-00C04F79EFBC}") = "design-pattern-builder", "design-pattern-builder\design-pattern-builder.csproj", "{A36F286B-1228-40D0-92FE-08519391A06D}"
EndProject
Global
	GlobalSection(SolutionConfigurationPlatforms) = preSolution
		Debug|Any CPU = Debug|Any CPU
		Release|Any CPU = Release|Any CPU
	EndGlobalSection
	GlobalSection(ProjectConfigurationPlatforms) = postSolution
		{A36F286B-1228-40D0-92FE-08519391A06D}.Debug|Any CPU.ActiveCfg = Debug|Any CPU
		{A36F286B-1228-40D0-92FE-08519391A06D}.Debug|Any CPU.Build.0 = Debug|Any CPU
		{A36F286B-1228-40D0-92FE-08519391A06D}.Release|Any CPU.ActiveCfg = Release|Any CPU
		{A36F286B-1228-40D0-92FE-08519391A06D}.Release|Any CPU.Build.0 = Release|Any CPU
	EndGlobalSection
	GlobalSection(SolutionProperties) = preSolution
		HideSolutionNode = FALSE
	EndGlobalSection
	GlobalSection(ExtensibilityGlobals) = postSolution
		SolutionGuid = {8F1774F3-1856-4D23-8618-D5400212BA76}
	EndGlobalSection
EndGlobal
